{
  "name": "diabetesmonograph",
  "version": "0.1.0",
  "lockfileVersion": 1,
  "requires": true,
  "dependencies": {
    "fhirclient": {
      "version": "0.1.15",
      "resolved": "https://registry.npmjs.org/fhirclient/-/fhirclient-0.1.15.tgz",
      "integrity": "sha512-b2RbPNF8ISnpkyLd3axxgS6YSfdU9X12NhRubpX9YEoAwbCrx4s+92SDlAB2WJFijpfi7GTGKAKQAbZM+1/3gA=="
    }
  }
}
